// !$*UTF8*$!
{
	archiveVersion = 1;
	classes = {
	};
	objectVersion = 46;
	objects = {

/* Begin PBXBuildFile section */
		B69491A11DAB59E400BDD440 /* main.m in Sources */ = {isa = PBXBuildFile; fileRef = B69491A01DAB59E400BDD440 /* main.m */; };
		B69491A41DAB59E400BDD440 /* AppDelegate.m in Sources */ = {isa = PBXBuildFile; fileRef = B69491A31DAB59E400BDD440 /* AppDelegate.m */; };
		B69491A71DAB59E400BDD440 /* ViewController.m in Sources */ = {isa = PBXBuildFile; fileRef = B69491A61DAB59E400BDD440 /* ViewController.m */; };
		B69491AA1DAB59E400BDD440 /* Main.storyboard in Resources */ = {isa = PBXBuildFile; fileRef = B69491A81DAB59E400BDD440 /* Main.storyboard */; };
		B69491AC1DAB59E400BDD440 /* Assets.xcassets in Resources */ = {isa = PBXBuildFile; fileRef = B69491AB1DAB59E400BDD440 /* Assets.xcassets */; };
		B69491AF1DAB59E400BDD440 /* LaunchScreen.storyboard in Resources */ = {isa = PBXBuildFile; fileRef = B69491AD1DAB59E400BDD440 /* LaunchScreen.storyboard */; };
/* End PBXBuildFile section */

/* Begin PBXFileReference section */
		B694919C1DAB59E300BDD440 /* LXY.app */ = {isa = PBXFileReference; explicitFileType = wrapper.application; includeInIndex = 0; path = LXY.app; sourceTree = BUILT_PRODUCTS_DIR; };
		B69491A01DAB59E400BDD440 /* main.m */ = {isa = PBXFileReference; lastKnownFileType = sourcecode.c.objc; path = main.m; sourceTree = "<group>"; };
		B69491A21DAB59E400BDD440 /* AppDelegate.h */ = {isa = PBXFileReference; lastKnownFileType = sourcecode.c.h; path = AppDelegate.h; sourceTree = "<group>"; };
		B69491A31DAB59E400BDD440 /* AppDelegate.m */ = {isa = PBXFileReference; lastKnownFileType = sourcecode.c.objc; path = AppDelegate.m; sourceTree = "<group>"; };
		B69491A51DAB59E400BDD440 /* ViewController.h */ = {isa = PBXFileReference; lastKnownFileType = sourcecode.c.h; path = ViewController.h; sourceTree = "<group>"; };
		B69491A61DAB59E400BDD440 /* ViewController.m */ = {isa = PBXFileReference; lastKnownFileType = sourcecode.c.objc; path = ViewController.m; sourceTree = "<group>"; };
		B69491A91DAB59E400BDD440 /* Base */ = {isa = PBXFileReference; lastKnownFileType = file.storyboard; name = Base; path = Base.lproj/Main.storyboard; sourceTree = "<group>"; };
		B69491AB1DAB59E400BDD440 /* Assets.xcassets */ = {isa = PBXFileReference; lastKnownFileType = folder.assetcatalog; path = Assets.xcassets; sourceTree = "<group>"; };
		B69491AE1DAB59E400BDD440 /* Base */ = {isa = PBXFileReference; lastKnownFileType = file.storyboard; name = Base; path = Base.lproj/LaunchScreen.storyboard; sourceTree = "<group>"; };
		B69491B01DAB59E400BDD440 /* Info.plist */ = {isa = PBXFileReference; lastKnownFileType = text.plist.xml; path = Info.plist; sourceTree = "<group>"; };
/* End PBXFileReference section */

/* Begin PBXFrameworksBuildPhase section */
		B69491991DAB59E300BDD440 /* Frameworks */ = {
			isa = PBXFrameworksBuildPhase;
			buildActionMask = 2147483647;
			files = (
			);
			runOnlyForDeploymentPostprocessing = 0;
		};
/* End PBXFrameworksBuildPhase section */

/* Begin PBXGroup section */
		B69491931DAB59E300BDD440 = {
			isa = PBXGroup;
			children = (
				B694919E1DAB59E400BDD440 /* LXY */,
				B694919D1DAB59E300BDD440 /* Products */,
			);
			sourceTree = "<group>";
		};
		B694919D1DAB59E300BDD440 /* Products */ = {
			isa = PBXGroup;
			children = (
				B694919C1DAB59E300BDD440 /* LXY.app */,
			);
			name = Products;
			sourceTree = "<group>";
		};
		B694919E1DAB59E400BDD440 /* LXY */ = {
			isa = PBXGroup;
			children = (
				B69491A21DAB59E400BDD440 /* AppDelegate.h */,
				B69491A31DAB59E400BDD440 /* AppDelegate.m */,
				B69491A51DAB59E400BDD440 /* ViewController.h */,
				B69491A61DAB59E400BDD440 /* ViewController.m */,
				B69491A81DAB59E400BDD440 /* Main.storyboard */,
				B69491AB1DAB59E400BDD440 /* Assets.xcassets */,
				B69491AD1DAB59E400BDD440 /* LaunchScreen.storyboard */,
				B69491B01DAB59E400BDD440 /* Info.plist */,
				B694919F1DAB59E400BDD440 /* Supporting Files */,
			);
			path = LXY;
			sourceTree = "<group>";
		};
		B694919F1DAB59E400BDD440 /* Supporting Files */ = {
			isa = PBXGroup;
			children = (
				B69491A01DAB59E400BDD440 /* main.m */,
			);
			name = "Supporting Files";
			sourceTree = "<group>";
		};
/* End PBXGroup section */

/* Begin PBXNativeTarget section */
		B694919B1DAB59E300BDD440 /* LXY */ = {
			isa = PBXNativeTarget;
			buildConfigurationList = B69491B31DAB59E400BDD440 /* Build configuration list for PBXNativeTarget "LXY" */;
			buildPhases = (
				B69491981DAB59E300BDD440 /* Sources */,
				B69491991DAB59E300BDD440 /* Frameworks */,
				B694919A1DAB59E300BDD440 /* Resources */,
			);
			buildRules = (
			);
			dependencies = (
			);
			name = LXY;
			productName = LXY;
			productReference = B694919C1DAB59E300BDD440 /* LXY.app */;
			productType = "com.apple.product-type.application";
		};
/* End PBXNativeTarget section */

/* Begin PBXProject section */
		B69491941DAB59E300BDD440 /* Project object */ = {
			isa = PBXProject;
			attributes = {
				LastUpgradeCheck = 0730;
				ORGANIZATIONNAME = "Xinyu Liang";
				TargetAttributes = {
					B694919B1DAB59E300BDD440 = {
						CreatedOnToolsVersion = 7.3;
					};
				};
			};
			buildConfigurationList = B69491971DAB59E300BDD440 /* Build configuration list for PBXProject "LXY" */;
			compatibilityVersion = "Xcode 3.2";
			developmentRegion = English;
			hasScannedForEncodings = 0;
			knownRegions = (
				en,
				Base,
			);
			mainGroup = B69491931DAB59E300BDD440;
			productRefGroup = B694919D1DAB59E300BDD440 /* Products */;
			projectDirPath = "";
			projectRoot = "";
			targets = (
				B694919B1DAB59E300BDD440 /* LXY */,
			);
		};
/* End PBXProject section */

/* Begin PBXResourcesBuildPhase section */
		B694919A1DAB59E300BDD440 /* Resources */ = {
			isa = PBXResourcesBuildPhase;
			buildActionMask = 2147483647;
			files = (
				B69491AF1DAB59E400BDD440 /* LaunchScreen.storyboard in Resources */,
				B69491AC1DAB59E400BDD440 /* Assets.xcassets in Resources */,
				B69491AA1DAB59E400BDD440 /* Main.storyboard in Resources */,
			);
			runOnlyForDeploymentPostprocessing = 0;
		};
/* End PBXResourcesBuildPhase section */

/* Begin PBXSourcesBuildPhase section */
		B69491981DAB59E300BDD440 /* Sources */ = {
			isa = PBXSourcesBuildPhase;
			buildActionMask = 2147483647;
			files = (
				B69491A71DAB59E400BDD440 /* ViewController.m in Sources */,
				B69491A41DAB59E400BDD440 /* AppDelegate.m in Sources */,
				B69491A11DAB59E400BDD440 /* main.m in Sources */,
			);
			runOnlyForDeploymentPostprocessing = 0;
		};
/* End PBXSourcesBuildPhase section */

/* Begin PBXVariantGroup section */
		B69491A81DAB59E400BDD440 /* Main.storyboard */ = {
			isa = PBXVariantGroup;
			children = (
				B69491A91DAB59E400BDD440 /* Base */,
			);
			name = Main.storyboard;
			sourceTree = "<group>";
		};
		B69491AD1DAB59E400BDD440 /* LaunchScreen.storyboard */ = {
			isa = PBXVariantGroup;
			children = (
				B69491AE1DAB59E400BDD440 /* Base */,
			);
			name = LaunchScreen.storyboard;
			sourceTree = "<group>";
		};
/* End PBXVariantGroup section */

/* Begin XCBuildConfiguration section */
		B69491B11DAB59E400BDD440 /* Debug */ = {
			isa = XCBuildConfiguration;
			buildSettings = {
				ALWAYS_SEARCH_USER_PATHS = NO;
				CLANG_ANALYZER_NONNULL = YES;
				CLANG_CXX_LANGUAGE_STANDARD = "gnu++0x";
				CLANG_CXX_LIBRARY = "libc++";
				CLANG_ENABLE_MODULES = YES;
				CLANG_ENABLE_OBJC_ARC = YES;
				CLANG_WARN_BOOL_CONVERSION = YES;
				CLANG_WARN_CONSTANT_CONVERSION = YES;
				CLANG_WARN_DIRECT_OBJC_ISA_USAGE = YES_ERROR;
				CLANG_WARN_EMPTY_BODY = YES;
				CLANG_WARN_ENUM_CONVERSION = YES;
				CLANG_WARN_INT_CONVERSION = YES;
				CLANG_WARN_OBJC_ROOT_CLASS = YES_ERROR;
				CLANG_WARN_UNREACHABLE_CODE = YES;
				CLANG_WARN__DUPLICATE_METHOD_MATCH = YES;
				"CODE_SIGN_IDENTITY[sdk=iphoneos*]" = "iPhone Developer";
				COPY_PHASE_STRIP = NO;
				DEBUG_INFORMATION_FORMAT = dwarf;
				ENABLE_STRICT_OBJC_MSGSEND = YES;
				ENABLE_TESTABILITY = YES;
				GCC_C_LANGUAGE_STANDARD = gnu99;
				GCC_DYNAMIC_NO_PIC = NO;
				GCC_NO_COMMON_BLOCKS = YES;
				GCC_OPTIMIZATION_LEVEL = 0;
				GCC_PREPROCESSOR_DEFINITIONS = (
					"DEBUG=1",
					"$(inherited)",
				);
				GCC_WARN_64_TO_32_BIT_CONVERSION = YES;
				GCC_WARN_ABOUT_RETURN_TYPE = YES_ERROR;
				GCC_WARN_UNDECLARED_SELECTOR = YES;
				GCC_WARN_UNINITIALIZED_AUTOS = YES_AGGRESSIVE;
				GCC_WARN_UNUSED_FUNCTION = YES;
				GCC_WARN_UNUSED_VARIABLE = YES;
				IPHONEOS_DEPLOYMENT_TARGET = 9.3;
				MTL_ENABLE_DEBUG_INFO = YES;
				ONLY_ACTIVE_ARCH = YES;
				SDKROOT = iphoneos;
				TARGETED_DEVICE_FAMILY = "1,2";
			};
			name = Debug;
		};
		B69491B21DAB59E400BDD440 /* Release */ = {
			isa = XCBuildConfiguration;
			buildSettings = {
				ALWAYS_SEARCH_USER_PATHS = NO;
				CLANG_ANALYZER_NONNULL = YES;
				CLANG_CXX_LANGUAGE_STANDARD = "gnu++0x";
				CLANG_CXX_LIBRARY = "libc++";
				CLANG_ENABLE_MODULES = YES;
				CLANG_ENABLE_OBJC_ARC = YES;
				CLANG_WARN_BOOL_CONVERSION = YES;
				CLANG_WARN_CONSTANT_CONVERSION = YES;
				CLANG_WARN_DIRECT_OBJC_ISA_USAGE = YES_ERROR;
				CLANG_WARN_EMPTY_BODY = YES;
				CLANG_WARN_ENUM_CONVERSION = YES;
				CLANG_WARN_INT_CONVERSION = YES;
				CLANG_WARN_OBJC_ROOT_CLASS = YES_ERROR;
				CLANG_WARN_UNREACHABLE_CODE = YES;
				CLANG_WARN__DUPLICATE_METHOD_MATCH = YES;
				"CODE_SIGN_IDENTITY[sdk=iphoneos*]" = "iPhone Developer";
				COPY_PHASE_STRIP = NO;
				DEBUG_INFORMATION_FORMAT = "dwarf-with-dsym";
				ENABLE_NS_ASSERTIONS = NO;
				ENABLE_STRICT_OBJC_MSGSEND = YES;
				GCC_C_LANGUAGE_STANDARD = gnu99;
				GCC_NO_COMMON_BLOCKS = YES;
				GCC_WARN_64_TO_32_BIT_CONVERSION = YES;
				GCC_WARN_ABOUT_RETURN_TYPE = YES_ERROR;
				GCC_WARN_UNDECLARED_SELECTOR = YES;
				GCC_WARN_UNINITIALIZED_AUTOS = YES_AGGRESSIVE;
				GCC_WARN_UNUSED_FUNCTION = YES;
				GCC_WARN_UNUSED_VARIABLE = YES;
				IPHONEOS_DEPLOYMENT_TARGET = 9.3;
				MTL_ENABLE_DEBUG_INFO = NO;
				SDKROOT = iphoneos;
				TARGETED_DEVICE_FAMILY = "1,2";
				VALIDATE_PRODUCT = YES;
			};
			name = Release;
		};
		B69491B41DAB59E400BDD440 /* Debug */ = {
			isa = XCBuildConfiguration;
			buildSettings = {
				ASSETCATALOG_COMPILER_APPICON_NAME = AppIcon;
				INFOPLIST_FILE = LXY/Info.plist;
				LD_RUNPATH_SEARCH_PATHS = "$(inherited) @executable_path/Frameworks";
				PRODUCT_BUNDLE_IDENTIFIER = lxy.LXY;
				PRODUCT_NAME = "$(TARGET_NAME)";
			};
			name = Debug;
		};
		B69491B51DAB59E400BDD440 /* Release */ = {
			isa = XCBuildConfiguration;
			buildSettings = {
				ASSETCATALOG_COMPILER_APPICON_NAME = AppIcon;
				INFOPLIST_FILE = LXY/Info.plist;
				LD_RUNPATH_SEARCH_PATHS = "$(inherited) @executable_path/Frameworks";
				PRODUCT_BUNDLE_IDENTIFIER = lxy.LXY;
				PRODUCT_NAME = "$(TARGET_NAME)";
			};
			name = Release;
		};
/* End XCBuildConfiguration section */

/* Begin XCConfigurationList section */
		B69491971DAB59E300BDD440 /* Build configuration list for PBXProject "LXY" */ = {
			isa = XCConfigurationList;
			buildConfigurations = (
				B69491B11DAB59E400BDD440 /* Debug */,
				B69491B21DAB59E400BDD440 /* Release */,
			);
			defaultConfigurationIsVisible = 0;
			defaultConfigurationName = Release;
		};
		B69491B31DAB59E400BDD440 /* Build configuration list for PBXNativeTarget "LXY" */ = {
			isa = XCConfigurationList;
			buildConfigurations = (
				B69491B41DAB59E400BDD440 /* Debug */,
				B69491B51DAB59E400BDD440 /* Release */,
			);
			defaultConfigurationIsVisible = 0;
		};
/* End XCConfigurationList section */
	};
	rootObject = B69491941DAB59E300BDD440 /* Project object */;
}
