// !$*UTF8*$!
{
	archiveVersion = 1;
	classes = {
	};
	objectVersion = 46;
	objects = {

/* Begin PBXBuildFile section */
		85514C2E6ABA3C5A737258F8 /* libPods-LXY.a in Frameworks */ = {isa = PBXBuildFile; fileRef = 7FBC5354CEEF3E704C4C0FC9 /* libPods-LXY.a */; };
		B633608A1DB2717700F5F951 /* Icons in Resources */ = {isa = PBXBuildFile; fileRef = B63360891DB2717700F5F951 /* Icons */; };
		B686B3E11DB3185700C1E965 /* First.m in Sources */ = {isa = PBXBuildFile; fileRef = B686B3E01DB3185700C1E965 /* First.m */; };
		B686B3E41DB3258300C1E965 /* UIImage+AddImage.m in Sources */ = {isa = PBXBuildFile; fileRef = B686B3E31DB3258300C1E965 /* UIImage+AddImage.m */; };
		B686B3EE1DB3479000C1E965 /* MyNavigation.m in Sources */ = {isa = PBXBuildFile; fileRef = B686B3ED1DB3479000C1E965 /* MyNavigation.m */; };
		B686B3F01DB34CDB00C1E965 /* BarView.xib in Resources */ = {isa = PBXBuildFile; fileRef = B686B3EF1DB34CDB00C1E965 /* BarView.xib */; };
		B686B3F31DB34D0F00C1E965 /* BarView.m in Sources */ = {isa = PBXBuildFile; fileRef = B686B3F21DB34D0F00C1E965 /* BarView.m */; };
		B686B3F91DB3696900C1E965 /* PopViewController.m in Sources */ = {isa = PBXBuildFile; fileRef = B686B3F81DB3696900C1E965 /* PopViewController.m */; };
		B686B3FE1DB36F5A00C1E965 /* PopView.m in Sources */ = {isa = PBXBuildFile; fileRef = B686B3FD1DB36F5A00C1E965 /* PopView.m */; };
		B686B4041DB389BB00C1E965 /* PopView.xib in Resources */ = {isa = PBXBuildFile; fileRef = B686B4031DB389BB00C1E965 /* PopView.xib */; };
		B69491A11DAB59E400BDD440 /* main.m in Sources */ = {isa = PBXBuildFile; fileRef = B69491A01DAB59E400BDD440 /* main.m */; };
		B69491A41DAB59E400BDD440 /* AppDelegate.m in Sources */ = {isa = PBXBuildFile; fileRef = B69491A31DAB59E400BDD440 /* AppDelegate.m */; };
		B69491AC1DAB59E400BDD440 /* Assets.xcassets in Resources */ = {isa = PBXBuildFile; fileRef = B69491AB1DAB59E400BDD440 /* Assets.xcassets */; };
		B6D492B71DB46E3A00A97FD3 /* categories.plist in Resources */ = {isa = PBXBuildFile; fileRef = B6D492B31DB46E3A00A97FD3 /* categories.plist */; };
		B6D492B81DB46E3A00A97FD3 /* cities.plist in Resources */ = {isa = PBXBuildFile; fileRef = B6D492B41DB46E3A00A97FD3 /* cities.plist */; };
		B6D492B91DB46E3A00A97FD3 /* cityGroups.plist in Resources */ = {isa = PBXBuildFile; fileRef = B6D492B51DB46E3A00A97FD3 /* cityGroups.plist */; };
		B6D492BA1DB46E3A00A97FD3 /* sorts.plist in Resources */ = {isa = PBXBuildFile; fileRef = B6D492B61DB46E3A00A97FD3 /* sorts.plist */; };
		B6D492BD1DB470ED00A97FD3 /* CategoryModel.m in Sources */ = {isa = PBXBuildFile; fileRef = B6D492BC1DB470ED00A97FD3 /* CategoryModel.m */; };
		B6D492CB1DB4CFFC00A97FD3 /* SecondViewController.m in Sources */ = {isa = PBXBuildFile; fileRef = B6D492C91DB4CFFC00A97FD3 /* SecondViewController.m */; };
		B6D492CC1DB4CFFC00A97FD3 /* SecondViewController.xib in Resources */ = {isa = PBXBuildFile; fileRef = B6D492CA1DB4CFFC00A97FD3 /* SecondViewController.xib */; };
		B6D492D21DB4D8C400A97FD3 /* ChangCityViewController.m in Sources */ = {isa = PBXBuildFile; fileRef = B6D492D11DB4D8C400A97FD3 /* ChangCityViewController.m */; };
		B6D492D41DB4D8E400A97FD3 /* ChangCityView.xib in Resources */ = {isa = PBXBuildFile; fileRef = B6D492D31DB4D8E400A97FD3 /* ChangCityView.xib */; };
		B6D492D71DB4D90200A97FD3 /* ChangCityView.m in Sources */ = {isa = PBXBuildFile; fileRef = B6D492D61DB4D90200A97FD3 /* ChangCityView.m */; };
		B6D492DA1DB4EA2700A97FD3 /* CityGroup.m in Sources */ = {isa = PBXBuildFile; fileRef = B6D492D91DB4EA2700A97FD3 /* CityGroup.m */; };
/* End PBXBuildFile section */

/* Begin PBXFileReference section */
		7FBC5354CEEF3E704C4C0FC9 /* libPods-LXY.a */ = {isa = PBXFileReference; explicitFileType = archive.ar; includeInIndex = 0; path = "libPods-LXY.a"; sourceTree = BUILT_PRODUCTS_DIR; };
		93A959B3AEDEBF558C472E3A /* Pods-LXY.debug.xcconfig */ = {isa = PBXFileReference; includeInIndex = 1; lastKnownFileType = text.xcconfig; name = "Pods-LXY.debug.xcconfig"; path = "Pods/Target Support Files/Pods-LXY/Pods-LXY.debug.xcconfig"; sourceTree = "<group>"; };
		B63360891DB2717700F5F951 /* Icons */ = {isa = PBXFileReference; lastKnownFileType = folder; path = Icons; sourceTree = "<group>"; };
		B686B3DF1DB3185700C1E965 /* First.h */ = {isa = PBXFileReference; fileEncoding = 4; lastKnownFileType = sourcecode.c.h; path = First.h; sourceTree = "<group>"; };
		B686B3E01DB3185700C1E965 /* First.m */ = {isa = PBXFileReference; fileEncoding = 4; lastKnownFileType = sourcecode.c.objc; path = First.m; sourceTree = "<group>"; };
		B686B3E21DB3258300C1E965 /* UIImage+AddImage.h */ = {isa = PBXFileReference; fileEncoding = 4; lastKnownFileType = sourcecode.c.h; path = "UIImage+AddImage.h"; sourceTree = "<group>"; };
		B686B3E31DB3258300C1E965 /* UIImage+AddImage.m */ = {isa = PBXFileReference; fileEncoding = 4; lastKnownFileType = sourcecode.c.objc; path = "UIImage+AddImage.m"; sourceTree = "<group>"; };
		B686B3EC1DB3479000C1E965 /* MyNavigation.h */ = {isa = PBXFileReference; fileEncoding = 4; lastKnownFileType = sourcecode.c.h; path = MyNavigation.h; sourceTree = "<group>"; };
		B686B3ED1DB3479000C1E965 /* MyNavigation.m */ = {isa = PBXFileReference; fileEncoding = 4; lastKnownFileType = sourcecode.c.objc; path = MyNavigation.m; sourceTree = "<group>"; };
		B686B3EF1DB34CDB00C1E965 /* BarView.xib */ = {isa = PBXFileReference; fileEncoding = 4; lastKnownFileType = file.xib; path = BarView.xib; sourceTree = "<group>"; };
		B686B3F11DB34D0F00C1E965 /* BarView.h */ = {isa = PBXFileReference; fileEncoding = 4; lastKnownFileType = sourcecode.c.h; path = BarView.h; sourceTree = "<group>"; };
		B686B3F21DB34D0F00C1E965 /* BarView.m */ = {isa = PBXFileReference; fileEncoding = 4; lastKnownFileType = sourcecode.c.objc; path = BarView.m; sourceTree = "<group>"; };
		B686B3F71DB3696900C1E965 /* PopViewController.h */ = {isa = PBXFileReference; fileEncoding = 4; lastKnownFileType = sourcecode.c.h; path = PopViewController.h; sourceTree = "<group>"; };
		B686B3F81DB3696900C1E965 /* PopViewController.m */ = {isa = PBXFileReference; fileEncoding = 4; lastKnownFileType = sourcecode.c.objc; path = PopViewController.m; sourceTree = "<group>"; };
		B686B3FC1DB36F5A00C1E965 /* PopView.h */ = {isa = PBXFileReference; fileEncoding = 4; lastKnownFileType = sourcecode.c.h; path = PopView.h; sourceTree = "<group>"; };
		B686B3FD1DB36F5A00C1E965 /* PopView.m */ = {isa = PBXFileReference; fileEncoding = 4; lastKnownFileType = sourcecode.c.objc; path = PopView.m; sourceTree = "<group>"; };
		B686B4031DB389BB00C1E965 /* PopView.xib */ = {isa = PBXFileReference; fileEncoding = 4; lastKnownFileType = file.xib; path = PopView.xib; sourceTree = "<group>"; };
		B694919C1DAB59E300BDD440 /* LXY.app */ = {isa = PBXFileReference; explicitFileType = wrapper.application; includeInIndex = 0; path = LXY.app; sourceTree = BUILT_PRODUCTS_DIR; };
		B69491A01DAB59E400BDD440 /* main.m */ = {isa = PBXFileReference; lastKnownFileType = sourcecode.c.objc; path = main.m; sourceTree = "<group>"; };
		B69491A21DAB59E400BDD440 /* AppDelegate.h */ = {isa = PBXFileReference; lastKnownFileType = sourcecode.c.h; path = AppDelegate.h; sourceTree = "<group>"; };
		B69491A31DAB59E400BDD440 /* AppDelegate.m */ = {isa = PBXFileReference; lastKnownFileType = sourcecode.c.objc; path = AppDelegate.m; sourceTree = "<group>"; };
		B69491AB1DAB59E400BDD440 /* Assets.xcassets */ = {isa = PBXFileReference; lastKnownFileType = folder.assetcatalog; path = Assets.xcassets; sourceTree = "<group>"; };
		B69491B01DAB59E400BDD440 /* Info.plist */ = {isa = PBXFileReference; lastKnownFileType = text.plist.xml; path = Info.plist; sourceTree = "<group>"; };
		B6D492B31DB46E3A00A97FD3 /* categories.plist */ = {isa = PBXFileReference; fileEncoding = 4; lastKnownFileType = text.plist.xml; name = categories.plist; path = PlistData/categories.plist; sourceTree = "<group>"; };
		B6D492B41DB46E3A00A97FD3 /* cities.plist */ = {isa = PBXFileReference; fileEncoding = 4; lastKnownFileType = text.plist.xml; name = cities.plist; path = PlistData/cities.plist; sourceTree = "<group>"; };
		B6D492B51DB46E3A00A97FD3 /* cityGroups.plist */ = {isa = PBXFileReference; fileEncoding = 4; lastKnownFileType = text.plist.xml; name = cityGroups.plist; path = PlistData/cityGroups.plist; sourceTree = "<group>"; };
		B6D492B61DB46E3A00A97FD3 /* sorts.plist */ = {isa = PBXFileReference; fileEncoding = 4; lastKnownFileType = text.plist.xml; name = sorts.plist; path = PlistData/sorts.plist; sourceTree = "<group>"; };
		B6D492BB1DB470ED00A97FD3 /* CategoryModel.h */ = {isa = PBXFileReference; fileEncoding = 4; lastKnownFileType = sourcecode.c.h; path = CategoryModel.h; sourceTree = "<group>"; };
		B6D492BC1DB470ED00A97FD3 /* CategoryModel.m */ = {isa = PBXFileReference; fileEncoding = 4; lastKnownFileType = sourcecode.c.objc; path = CategoryModel.m; sourceTree = "<group>"; };
		B6D492C81DB4CFFC00A97FD3 /* SecondViewController.h */ = {isa = PBXFileReference; fileEncoding = 4; lastKnownFileType = sourcecode.c.h; path = SecondViewController.h; sourceTree = "<group>"; };
		B6D492C91DB4CFFC00A97FD3 /* SecondViewController.m */ = {isa = PBXFileReference; fileEncoding = 4; lastKnownFileType = sourcecode.c.objc; path = SecondViewController.m; sourceTree = "<group>"; };
		B6D492CA1DB4CFFC00A97FD3 /* SecondViewController.xib */ = {isa = PBXFileReference; fileEncoding = 4; lastKnownFileType = file.xib; path = SecondViewController.xib; sourceTree = "<group>"; };
		B6D492D01DB4D8C400A97FD3 /* ChangCityViewController.h */ = {isa = PBXFileReference; fileEncoding = 4; lastKnownFileType = sourcecode.c.h; path = ChangCityViewController.h; sourceTree = "<group>"; };
		B6D492D11DB4D8C400A97FD3 /* ChangCityViewController.m */ = {isa = PBXFileReference; fileEncoding = 4; lastKnownFileType = sourcecode.c.objc; path = ChangCityViewController.m; sourceTree = "<group>"; };
		B6D492D31DB4D8E400A97FD3 /* ChangCityView.xib */ = {isa = PBXFileReference; fileEncoding = 4; lastKnownFileType = file.xib; path = ChangCityView.xib; sourceTree = "<group>"; };
		B6D492D51DB4D90200A97FD3 /* ChangCityView.h */ = {isa = PBXFileReference; fileEncoding = 4; lastKnownFileType = sourcecode.c.h; path = ChangCityView.h; sourceTree = "<group>"; };
		B6D492D61DB4D90200A97FD3 /* ChangCityView.m */ = {isa = PBXFileReference; fileEncoding = 4; lastKnownFileType = sourcecode.c.objc; path = ChangCityView.m; sourceTree = "<group>"; };
		B6D492D81DB4EA2700A97FD3 /* CityGroup.h */ = {isa = PBXFileReference; fileEncoding = 4; lastKnownFileType = sourcecode.c.h; path = CityGroup.h; sourceTree = "<group>"; };
		B6D492D91DB4EA2700A97FD3 /* CityGroup.m */ = {isa = PBXFileReference; fileEncoding = 4; lastKnownFileType = sourcecode.c.objc; path = CityGroup.m; sourceTree = "<group>"; };
		BA5E224ED36B2BFE02B4C1E4 /* Pods-LXY.release.xcconfig */ = {isa = PBXFileReference; includeInIndex = 1; lastKnownFileType = text.xcconfig; name = "Pods-LXY.release.xcconfig"; path = "Pods/Target Support Files/Pods-LXY/Pods-LXY.release.xcconfig"; sourceTree = "<group>"; };
/* End PBXFileReference section */

/* Begin PBXFrameworksBuildPhase section */
		B69491991DAB59E300BDD440 /* Frameworks */ = {
			isa = PBXFrameworksBuildPhase;
			buildActionMask = 2147483647;
			files = (
				85514C2E6ABA3C5A737258F8 /* libPods-LXY.a in Frameworks */,
			);
			runOnlyForDeploymentPostprocessing = 0;
		};
/* End PBXFrameworksBuildPhase section */

/* Begin PBXGroup section */
		9838200B49BF34C0CE2A995C /* Frameworks */ = {
			isa = PBXGroup;
			children = (
				7FBC5354CEEF3E704C4C0FC9 /* libPods-LXY.a */,
			);
			name = Frameworks;
			sourceTree = "<group>";
		};
		B686B3F41DB3686600C1E965 /* Model */ = {
			isa = PBXGroup;
			children = (
				B6D492BB1DB470ED00A97FD3 /* CategoryModel.h */,
				B6D492BC1DB470ED00A97FD3 /* CategoryModel.m */,
				B6D492D81DB4EA2700A97FD3 /* CityGroup.h */,
				B6D492D91DB4EA2700A97FD3 /* CityGroup.m */,
				B6D492B21DB46E2D00A97FD3 /* PlistData */,
			);
			name = Model;
			sourceTree = "<group>";
		};
		B686B3F51DB3687100C1E965 /* View */ = {
			isa = PBXGroup;
			children = (
				B686B3F11DB34D0F00C1E965 /* BarView.h */,
				B686B3F21DB34D0F00C1E965 /* BarView.m */,
				B686B3EF1DB34CDB00C1E965 /* BarView.xib */,
				B686B3FC1DB36F5A00C1E965 /* PopView.h */,
				B686B3FD1DB36F5A00C1E965 /* PopView.m */,
				B686B4031DB389BB00C1E965 /* PopView.xib */,
				B6D492D51DB4D90200A97FD3 /* ChangCityView.h */,
				B6D492D61DB4D90200A97FD3 /* ChangCityView.m */,
				B6D492D31DB4D8E400A97FD3 /* ChangCityView.xib */,
			);
			name = View;
			sourceTree = "<group>";
		};
		B686B3F61DB3687900C1E965 /* Controller */ = {
			isa = PBXGroup;
			children = (
				B686B3DF1DB3185700C1E965 /* First.h */,
				B686B3E01DB3185700C1E965 /* First.m */,
				B686B3EC1DB3479000C1E965 /* MyNavigation.h */,
				B686B3ED1DB3479000C1E965 /* MyNavigation.m */,
				B686B3F71DB3696900C1E965 /* PopViewController.h */,
				B686B3F81DB3696900C1E965 /* PopViewController.m */,
				B6D492C81DB4CFFC00A97FD3 /* SecondViewController.h */,
				B6D492C91DB4CFFC00A97FD3 /* SecondViewController.m */,
				B6D492CA1DB4CFFC00A97FD3 /* SecondViewController.xib */,
				B6D492D01DB4D8C400A97FD3 /* ChangCityViewController.h */,
				B6D492D11DB4D8C400A97FD3 /* ChangCityViewController.m */,
			);
			name = Controller;
			sourceTree = "<group>";
		};
		B69491931DAB59E300BDD440 = {
			isa = PBXGroup;
			children = (
				B694919E1DAB59E400BDD440 /* LXY */,
				B694919D1DAB59E300BDD440 /* Products */,
				B63360891DB2717700F5F951 /* Icons */,
				D5FB9978ED1E4DA091D1E4BA /* Pods */,
				9838200B49BF34C0CE2A995C /* Frameworks */,
			);
			sourceTree = "<group>";
		};
		B694919D1DAB59E300BDD440 /* Products */ = {
			isa = PBXGroup;
			children = (
				B694919C1DAB59E300BDD440 /* LXY.app */,
			);
			name = Products;
			sourceTree = "<group>";
		};
		B694919E1DAB59E400BDD440 /* LXY */ = {
			isa = PBXGroup;
			children = (
				B69491A21DAB59E400BDD440 /* AppDelegate.h */,
				B69491A31DAB59E400BDD440 /* AppDelegate.m */,
				B686B3F61DB3687900C1E965 /* Controller */,
				B686B3F51DB3687100C1E965 /* View */,
				B686B3F41DB3686600C1E965 /* Model */,
				B694919F1DAB59E400BDD440 /* Supporting Files */,
			);
			path = LXY;
			sourceTree = "<group>";
		};
		B694919F1DAB59E400BDD440 /* Supporting Files */ = {
			isa = PBXGroup;
			children = (
				B69491AB1DAB59E400BDD440 /* Assets.xcassets */,
				B69491B01DAB59E400BDD440 /* Info.plist */,
				B69491A01DAB59E400BDD440 /* main.m */,
				B686B3E21DB3258300C1E965 /* UIImage+AddImage.h */,
				B686B3E31DB3258300C1E965 /* UIImage+AddImage.m */,
			);
			name = "Supporting Files";
			sourceTree = "<group>";
		};
		B6D492B21DB46E2D00A97FD3 /* PlistData */ = {
			isa = PBXGroup;
			children = (
				B6D492B31DB46E3A00A97FD3 /* categories.plist */,
				B6D492B41DB46E3A00A97FD3 /* cities.plist */,
				B6D492B51DB46E3A00A97FD3 /* cityGroups.plist */,
				B6D492B61DB46E3A00A97FD3 /* sorts.plist */,
			);
			name = PlistData;
			sourceTree = "<group>";
		};
		D5FB9978ED1E4DA091D1E4BA /* Pods */ = {
			isa = PBXGroup;
			children = (
				93A959B3AEDEBF558C472E3A /* Pods-LXY.debug.xcconfig */,
				BA5E224ED36B2BFE02B4C1E4 /* Pods-LXY.release.xcconfig */,
			);
			name = Pods;
			sourceTree = "<group>";
		};
/* End PBXGroup section */

/* Begin PBXNativeTarget section */
		B694919B1DAB59E300BDD440 /* LXY */ = {
			isa = PBXNativeTarget;
			buildConfigurationList = B69491B31DAB59E400BDD440 /* Build configuration list for PBXNativeTarget "LXY" */;
			buildPhases = (
				A00ECF8DE3D838946894334A /* [CP] Check Pods Manifest.lock */,
				B69491981DAB59E300BDD440 /* Sources */,
				B69491991DAB59E300BDD440 /* Frameworks */,
				B694919A1DAB59E300BDD440 /* Resources */,
				FE57D52054B7D45301828A0E /* [CP] Embed Pods Frameworks */,
				0497B259962E7F85825BE74D /* [CP] Copy Pods Resources */,
			);
			buildRules = (
			);
			dependencies = (
			);
			name = LXY;
			productName = LXY;
			productReference = B694919C1DAB59E300BDD440 /* LXY.app */;
			productType = "com.apple.product-type.application";
		};
/* End PBXNativeTarget section */

/* Begin PBXProject section */
		B69491941DAB59E300BDD440 /* Project object */ = {
			isa = PBXProject;
			attributes = {
				LastUpgradeCheck = 0730;
				ORGANIZATIONNAME = "Xinyu Liang";
				TargetAttributes = {
					B694919B1DAB59E300BDD440 = {
						CreatedOnToolsVersion = 7.3;
					};
				};
			};
			buildConfigurationList = B69491971DAB59E300BDD440 /* Build configuration list for PBXProject "LXY" */;
			compatibilityVersion = "Xcode 3.2";
			developmentRegion = English;
			hasScannedForEncodings = 0;
			knownRegions = (
				en,
				Base,
			);
			mainGroup = B69491931DAB59E300BDD440;
			productRefGroup = B694919D1DAB59E300BDD440 /* Products */;
			projectDirPath = "";
			projectRoot = "";
			targets = (
				B694919B1DAB59E300BDD440 /* LXY */,
			);
		};
/* End PBXProject section */

/* Begin PBXResourcesBuildPhase section */
		B694919A1DAB59E300BDD440 /* Resources */ = {
			isa = PBXResourcesBuildPhase;
			buildActionMask = 2147483647;
			files = (
				B6D492B81DB46E3A00A97FD3 /* cities.plist in Resources */,
				B69491AC1DAB59E400BDD440 /* Assets.xcassets in Resources */,
				B6D492B91DB46E3A00A97FD3 /* cityGroups.plist in Resources */,
				B6D492CC1DB4CFFC00A97FD3 /* SecondViewController.xib in Resources */,
				B6D492B71DB46E3A00A97FD3 /* categories.plist in Resources */,
				B686B3F01DB34CDB00C1E965 /* BarView.xib in Resources */,
				B6D492BA1DB46E3A00A97FD3 /* sorts.plist in Resources */,
				B6D492D41DB4D8E400A97FD3 /* ChangCityView.xib in Resources */,
				B686B4041DB389BB00C1E965 /* PopView.xib in Resources */,
				B633608A1DB2717700F5F951 /* Icons in Resources */,
			);
			runOnlyForDeploymentPostprocessing = 0;
		};
/* End PBXResourcesBuildPhase section */

/* Begin PBXShellScriptBuildPhase section */
		0497B259962E7F85825BE74D /* [CP] Copy Pods Resources */ = {
			isa = PBXShellScriptBuildPhase;
			buildActionMask = 2147483647;
			files = (
			);
			inputPaths = (
			);
			name = "[CP] Copy Pods Resources";
			outputPaths = (
			);
			runOnlyForDeploymentPostprocessing = 0;
			shellPath = /bin/sh;
			shellScript = "\"${SRCROOT}/Pods/Target Support Files/Pods-LXY/Pods-LXY-resources.sh\"\n";
			showEnvVarsInLog = 0;
		};
		A00ECF8DE3D838946894334A /* [CP] Check Pods Manifest.lock */ = {
			isa = PBXShellScriptBuildPhase;
			buildActionMask = 2147483647;
			files = (
			);
			inputPaths = (
			);
			name = "[CP] Check Pods Manifest.lock";
			outputPaths = (
			);
			runOnlyForDeploymentPostprocessing = 0;
			shellPath = /bin/sh;
			shellScript = "diff \"${PODS_ROOT}/../Podfile.lock\" \"${PODS_ROOT}/Manifest.lock\" > /dev/null\nif [[ $? != 0 ]] ; then\n    cat << EOM\nerror: The sandbox is not in sync with the Podfile.lock. Run 'pod install' or update your CocoaPods installation.\nEOM\n    exit 1\nfi\n";
			showEnvVarsInLog = 0;
		};
		FE57D52054B7D45301828A0E /* [CP] Embed Pods Frameworks */ = {
			isa = PBXShellScriptBuildPhase;
			buildActionMask = 2147483647;
			files = (
			);
			inputPaths = (
			);
			name = "[CP] Embed Pods Frameworks";
			outputPaths = (
			);
			runOnlyForDeploymentPostprocessing = 0;
			shellPath = /bin/sh;
			shellScript = "\"${SRCROOT}/Pods/Target Support Files/Pods-LXY/Pods-LXY-frameworks.sh\"\n";
			showEnvVarsInLog = 0;
		};
/* End PBXShellScriptBuildPhase section */

/* Begin PBXSourcesBuildPhase section */
		B69491981DAB59E300BDD440 /* Sources */ = {
			isa = PBXSourcesBuildPhase;
			buildActionMask = 2147483647;
			files = (
				B686B3EE1DB3479000C1E965 /* MyNavigation.m in Sources */,
				B686B3E11DB3185700C1E965 /* First.m in Sources */,
				B6D492DA1DB4EA2700A97FD3 /* CityGroup.m in Sources */,
				B686B3E41DB3258300C1E965 /* UIImage+AddImage.m in Sources */,
				B6D492D21DB4D8C400A97FD3 /* ChangCityViewController.m in Sources */,
				B69491A41DAB59E400BDD440 /* AppDelegate.m in Sources */,
				B6D492BD1DB470ED00A97FD3 /* CategoryModel.m in Sources */,
				B686B3F91DB3696900C1E965 /* PopViewController.m in Sources */,
				B686B3F31DB34D0F00C1E965 /* BarView.m in Sources */,
				B6D492CB1DB4CFFC00A97FD3 /* SecondViewController.m in Sources */,
				B686B3FE1DB36F5A00C1E965 /* PopView.m in Sources */,
				B69491A11DAB59E400BDD440 /* main.m in Sources */,
				B6D492D71DB4D90200A97FD3 /* ChangCityView.m in Sources */,
			);
			runOnlyForDeploymentPostprocessing = 0;
		};
/* End PBXSourcesBuildPhase section */

/* Begin XCBuildConfiguration section */
		B69491B11DAB59E400BDD440 /* Debug */ = {
			isa = XCBuildConfiguration;
			buildSettings = {
				ALWAYS_SEARCH_USER_PATHS = NO;
				CLANG_ANALYZER_NONNULL = YES;
				CLANG_CXX_LANGUAGE_STANDARD = "gnu++0x";
				CLANG_CXX_LIBRARY = "libc++";
				CLANG_ENABLE_MODULES = YES;
				CLANG_ENABLE_OBJC_ARC = YES;
				CLANG_WARN_BOOL_CONVERSION = YES;
				CLANG_WARN_CONSTANT_CONVERSION = YES;
				CLANG_WARN_DIRECT_OBJC_ISA_USAGE = YES_ERROR;
				CLANG_WARN_EMPTY_BODY = YES;
				CLANG_WARN_ENUM_CONVERSION = YES;
				CLANG_WARN_INT_CONVERSION = YES;
				CLANG_WARN_OBJC_ROOT_CLASS = YES_ERROR;
				CLANG_WARN_UNREACHABLE_CODE = YES;
				CLANG_WARN__DUPLICATE_METHOD_MATCH = YES;
				"CODE_SIGN_IDENTITY[sdk=iphoneos*]" = "iPhone Developer";
				COPY_PHASE_STRIP = NO;
				DEBUG_INFORMATION_FORMAT = dwarf;
				ENABLE_STRICT_OBJC_MSGSEND = YES;
				ENABLE_TESTABILITY = YES;
				GCC_C_LANGUAGE_STANDARD = gnu99;
				GCC_DYNAMIC_NO_PIC = NO;
				GCC_NO_COMMON_BLOCKS = YES;
				GCC_OPTIMIZATION_LEVEL = 0;
				GCC_PREPROCESSOR_DEFINITIONS = (
					"DEBUG=1",
					"$(inherited)",
				);
				GCC_WARN_64_TO_32_BIT_CONVERSION = YES;
				GCC_WARN_ABOUT_RETURN_TYPE = YES_ERROR;
				GCC_WARN_UNDECLARED_SELECTOR = YES;
				GCC_WARN_UNINITIALIZED_AUTOS = YES_AGGRESSIVE;
				GCC_WARN_UNUSED_FUNCTION = YES;
				GCC_WARN_UNUSED_VARIABLE = YES;
				IPHONEOS_DEPLOYMENT_TARGET = 9.3;
				MTL_ENABLE_DEBUG_INFO = YES;
				ONLY_ACTIVE_ARCH = YES;
				SDKROOT = iphoneos;
				TARGETED_DEVICE_FAMILY = "1,2";
			};
			name = Debug;
		};
		B69491B21DAB59E400BDD440 /* Release */ = {
			isa = XCBuildConfiguration;
			buildSettings = {
				ALWAYS_SEARCH_USER_PATHS = NO;
				CLANG_ANALYZER_NONNULL = YES;
				CLANG_CXX_LANGUAGE_STANDARD = "gnu++0x";
				CLANG_CXX_LIBRARY = "libc++";
				CLANG_ENABLE_MODULES = YES;
				CLANG_ENABLE_OBJC_ARC = YES;
				CLANG_WARN_BOOL_CONVERSION = YES;
				CLANG_WARN_CONSTANT_CONVERSION = YES;
				CLANG_WARN_DIRECT_OBJC_ISA_USAGE = YES_ERROR;
				CLANG_WARN_EMPTY_BODY = YES;
				CLANG_WARN_ENUM_CONVERSION = YES;
				CLANG_WARN_INT_CONVERSION = YES;
				CLANG_WARN_OBJC_ROOT_CLASS = YES_ERROR;
				CLANG_WARN_UNREACHABLE_CODE = YES;
				CLANG_WARN__DUPLICATE_METHOD_MATCH = YES;
				"CODE_SIGN_IDENTITY[sdk=iphoneos*]" = "iPhone Developer";
				COPY_PHASE_STRIP = NO;
				DEBUG_INFORMATION_FORMAT = "dwarf-with-dsym";
				ENABLE_NS_ASSERTIONS = NO;
				ENABLE_STRICT_OBJC_MSGSEND = YES;
				GCC_C_LANGUAGE_STANDARD = gnu99;
				GCC_NO_COMMON_BLOCKS = YES;
				GCC_WARN_64_TO_32_BIT_CONVERSION = YES;
				GCC_WARN_ABOUT_RETURN_TYPE = YES_ERROR;
				GCC_WARN_UNDECLARED_SELECTOR = YES;
				GCC_WARN_UNINITIALIZED_AUTOS = YES_AGGRESSIVE;
				GCC_WARN_UNUSED_FUNCTION = YES;
				GCC_WARN_UNUSED_VARIABLE = YES;
				IPHONEOS_DEPLOYMENT_TARGET = 9.3;
				MTL_ENABLE_DEBUG_INFO = NO;
				SDKROOT = iphoneos;
				TARGETED_DEVICE_FAMILY = "1,2";
				VALIDATE_PRODUCT = YES;
			};
			name = Release;
		};
		B69491B41DAB59E400BDD440 /* Debug */ = {
			isa = XCBuildConfiguration;
			baseConfigurationReference = 93A959B3AEDEBF558C472E3A /* Pods-LXY.debug.xcconfig */;
			buildSettings = {
				ASSETCATALOG_COMPILER_APPICON_NAME = AppIcon;
				ASSETCATALOG_COMPILER_LAUNCHIMAGE_NAME = LaunchImage;
				INFOPLIST_FILE = LXY/Info.plist;
				IPHONEOS_DEPLOYMENT_TARGET = 9.3;
				LD_RUNPATH_SEARCH_PATHS = "$(inherited) @executable_path/Frameworks";
				PRODUCT_BUNDLE_IDENTIFIER = lxy.LXY;
				PRODUCT_NAME = "$(TARGET_NAME)";
				WARNING_CFLAGS = "-Wno-deprecated-declarations";
			};
			name = Debug;
		};
		B69491B51DAB59E400BDD440 /* Release */ = {
			isa = XCBuildConfiguration;
			baseConfigurationReference = BA5E224ED36B2BFE02B4C1E4 /* Pods-LXY.release.xcconfig */;
			buildSettings = {
				ASSETCATALOG_COMPILER_APPICON_NAME = AppIcon;
				ASSETCATALOG_COMPILER_LAUNCHIMAGE_NAME = LaunchImage;
				INFOPLIST_FILE = LXY/Info.plist;
				IPHONEOS_DEPLOYMENT_TARGET = 9.3;
				LD_RUNPATH_SEARCH_PATHS = "$(inherited) @executable_path/Frameworks";
				PRODUCT_BUNDLE_IDENTIFIER = lxy.LXY;
				PRODUCT_NAME = "$(TARGET_NAME)";
				WARNING_CFLAGS = "-Wno-deprecated-declarations";
			};
			name = Release;
		};
/* End XCBuildConfiguration section */

/* Begin XCConfigurationList section */
		B69491971DAB59E300BDD440 /* Build configuration list for PBXProject "LXY" */ = {
			isa = XCConfigurationList;
			buildConfigurations = (
				B69491B11DAB59E400BDD440 /* Debug */,
				B69491B21DAB59E400BDD440 /* Release */,
			);
			defaultConfigurationIsVisible = 0;
			defaultConfigurationName = Release;
		};
		B69491B31DAB59E400BDD440 /* Build configuration list for PBXNativeTarget "LXY" */ = {
			isa = XCConfigurationList;
			buildConfigurations = (
				B69491B41DAB59E400BDD440 /* Debug */,
				B69491B51DAB59E400BDD440 /* Release */,
			);
			defaultConfigurationIsVisible = 0;
			defaultConfigurationName = Release;
		};
/* End XCConfigurationList section */
	};
	rootObject = B69491941DAB59E300BDD440 /* Project object */;
}
